# EXACT versions the 271-test suite is proven against (Python 3.12, macOS/linux).
# Regenerate after a deliberate upgrade: pip freeze | grep -iE "^(ccxt|pandas|numpy|python-dotenv|rich|pytest)=" > requirements.lock
ccxt==4.5.59
pandas==3.0.3
numpy==2.2.6
python-dotenv==1.2.2
rich==13.9.4
pytest==9.1.0
